
Microsoft Visual Studio Solution File, Format Version 12.00
# Visual Studio 15
VisualStudioVersion = 15.0.28307.136
MinimumVisualStudioVersion = 10.0.40219.1
Project("{FAE04EC0-301F-11D3-BF4B-00C04F79EFBC}") = "BattingAverage", "BattingAverage\BattingAverage.csproj", "{6F8B17E0-A62A-4FE4-B9FC-E8BCED2C5336}"
EndProject
Global
	GlobalSection(SolutionConfigurationPlatforms) = preSolution
		Debug|Any CPU = Debug|Any CPU
		Release|Any CPU = Release|Any CPU
	EndGlobalSection
	GlobalSection(ProjectConfigurationPlatforms) = postSolution
		{6F8B17E0-A62A-4FE4-B9FC-E8BCED2C5336}.Debug|Any CPU.ActiveCfg = Debug|Any CPU
		{6F8B17E0-A62A-4FE4-B9FC-E8BCED2C5336}.Debug|Any CPU.Build.0 = Debug|Any CPU
		{6F8B17E0-A62A-4FE4-B9FC-E8BCED2C5336}.Release|Any CPU.ActiveCfg = Release|Any CPU
		{6F8B17E0-A62A-4FE4-B9FC-E8BCED2C5336}.Release|Any CPU.Build.0 = Release|Any CPU
	EndGlobalSection
	GlobalSection(SolutionProperties) = preSolution
		HideSolutionNode = FALSE
	EndGlobalSection
	GlobalSection(ExtensibilityGlobals) = postSolution
		SolutionGuid = {B19593AD-4C65-483F-BAE9-1CFA072A2644}
	EndGlobalSection
EndGlobal
